// !$*UTF8*$!
{
	archiveVersion = 1;
	classes = {
	};
	objectVersion = 50;
	objects = {

/* Begin PBXBuildFile section */
		DED1E70F230163420035BDF3 /* AppDelegate.swift in Sources */ = {isa = PBXBuildFile; fileRef = DED1E70E230163420035BDF3 /* AppDelegate.swift */; };
		DED1E711230163420035BDF3 /* ViewController.swift in Sources */ = {isa = PBXBuildFile; fileRef = DED1E710230163420035BDF3 /* ViewController.swift */; };
		DED1E714230163420035BDF3 /* Main.storyboard in Resources */ = {isa = PBXBuildFile; fileRef = DED1E712230163420035BDF3 /* Main.storyboard */; };
		DED1E717230163420035BDF3 /* MQueueDemo.xcdatamodeld in Sources */ = {isa = PBXBuildFile; fileRef = DED1E715230163420035BDF3 /* MQueueDemo.xcdatamodeld */; };
		DED1E719230163430035BDF3 /* Assets.xcassets in Resources */ = {isa = PBXBuildFile; fileRef = DED1E718230163430035BDF3 /* Assets.xcassets */; };
		DED1E71C230163430035BDF3 /* LaunchScreen.storyboard in Resources */ = {isa = PBXBuildFile; fileRef = DED1E71A230163430035BDF3 /* LaunchScreen.storyboard */; };
		DED1E727230163440035BDF3 /* MQueueDemoTests.swift in Sources */ = {isa = PBXBuildFile; fileRef = DED1E726230163440035BDF3 /* MQueueDemoTests.swift */; };
		DED1E732230163440035BDF3 /* MQueueDemoUITests.swift in Sources */ = {isa = PBXBuildFile; fileRef = DED1E731230163440035BDF3 /* MQueueDemoUITests.swift */; };
		DED1E741230163D90035BDF3 /* MQueue.swift in Sources */ = {isa = PBXBuildFile; fileRef = DED1E740230163D90035BDF3 /* MQueue.swift */; };
/* End PBXBuildFile section */

/* Begin PBXContainerItemProxy section */
		DED1E723230163430035BDF3 /* PBXContainerItemProxy */ = {
			isa = PBXContainerItemProxy;
			containerPortal = DED1E703230163420035BDF3 /* Project object */;
			proxyType = 1;
			remoteGlobalIDString = DED1E70A230163420035BDF3;
			remoteInfo = MQueueDemo;
		};
		DED1E72E230163440035BDF3 /* PBXContainerItemProxy */ = {
			isa = PBXContainerItemProxy;
			containerPortal = DED1E703230163420035BDF3 /* Project object */;
			proxyType = 1;
			remoteGlobalIDString = DED1E70A230163420035BDF3;
			remoteInfo = MQueueDemo;
		};
/* End PBXContainerItemProxy section */

/* Begin PBXFileReference section */
		DED1E70B230163420035BDF3 /* MQueueDemo.app */ = {isa = PBXFileReference; explicitFileType = wrapper.application; includeInIndex = 0; path = MQueueDemo.app; sourceTree = BUILT_PRODUCTS_DIR; };
		DED1E70E230163420035BDF3 /* AppDelegate.swift */ = {isa = PBXFileReference; lastKnownFileType = sourcecode.swift; path = AppDelegate.swift; sourceTree = "<group>"; };
		DED1E710230163420035BDF3 /* ViewController.swift */ = {isa = PBXFileReference; lastKnownFileType = sourcecode.swift; path = ViewController.swift; sourceTree = "<group>"; };
		DED1E713230163420035BDF3 /* Base */ = {isa = PBXFileReference; lastKnownFileType = file.storyboard; name = Base; path = Base.lproj/Main.storyboard; sourceTree = "<group>"; };
		DED1E716230163420035BDF3 /* MQueueDemo.xcdatamodel */ = {isa = PBXFileReference; lastKnownFileType = wrapper.xcdatamodel; path = MQueueDemo.xcdatamodel; sourceTree = "<group>"; };
		DED1E718230163430035BDF3 /* Assets.xcassets */ = {isa = PBXFileReference; lastKnownFileType = folder.assetcatalog; path = Assets.xcassets; sourceTree = "<group>"; };
		DED1E71B230163430035BDF3 /* Base */ = {isa = PBXFileReference; lastKnownFileType = file.storyboard; name = Base; path = Base.lproj/LaunchScreen.storyboard; sourceTree = "<group>"; };
		DED1E71D230163430035BDF3 /* Info.plist */ = {isa = PBXFileReference; lastKnownFileType = text.plist.xml; path = Info.plist; sourceTree = "<group>"; };
		DED1E722230163430035BDF3 /* MQueueDemoTests.xctest */ = {isa = PBXFileReference; explicitFileType = wrapper.cfbundle; includeInIndex = 0; path = MQueueDemoTests.xctest; sourceTree = BUILT_PRODUCTS_DIR; };
		DED1E726230163440035BDF3 /* MQueueDemoTests.swift */ = {isa = PBXFileReference; lastKnownFileType = sourcecode.swift; path = MQueueDemoTests.swift; sourceTree = "<group>"; };
		DED1E728230163440035BDF3 /* Info.plist */ = {isa = PBXFileReference; lastKnownFileType = text.plist.xml; path = Info.plist; sourceTree = "<group>"; };
		DED1E72D230163440035BDF3 /* MQueueDemoUITests.xctest */ = {isa = PBXFileReference; explicitFileType = wrapper.cfbundle; includeInIndex = 0; path = MQueueDemoUITests.xctest; sourceTree = BUILT_PRODUCTS_DIR; };
		DED1E731230163440035BDF3 /* MQueueDemoUITests.swift */ = {isa = PBXFileReference; lastKnownFileType = sourcecode.swift; path = MQueueDemoUITests.swift; sourceTree = "<group>"; };
		DED1E733230163440035BDF3 /* Info.plist */ = {isa = PBXFileReference; lastKnownFileType = text.plist.xml; path = Info.plist; sourceTree = "<group>"; };
		DED1E740230163D90035BDF3 /* MQueue.swift */ = {isa = PBXFileReference; fileEncoding = 4; lastKnownFileType = sourcecode.swift; path = MQueue.swift; sourceTree = "<group>"; };
/* End PBXFileReference section */

/* Begin PBXFrameworksBuildPhase section */
		DED1E708230163420035BDF3 /* Frameworks */ = {
			isa = PBXFrameworksBuildPhase;
			buildActionMask = 2147483647;
			files = (
			);
			runOnlyForDeploymentPostprocessing = 0;
		};
		DED1E71F230163430035BDF3 /* Frameworks */ = {
			isa = PBXFrameworksBuildPhase;
			buildActionMask = 2147483647;
			files = (
			);
			runOnlyForDeploymentPostprocessing = 0;
		};
		DED1E72A230163440035BDF3 /* Frameworks */ = {
			isa = PBXFrameworksBuildPhase;
			buildActionMask = 2147483647;
			files = (
			);
			runOnlyForDeploymentPostprocessing = 0;
		};
/* End PBXFrameworksBuildPhase section */

/* Begin PBXGroup section */
		DED1E702230163420035BDF3 = {
			isa = PBXGroup;
			children = (
				DED1E70D230163420035BDF3 /* MQueueDemo */,
				DED1E725230163440035BDF3 /* MQueueDemoTests */,
				DED1E730230163440035BDF3 /* MQueueDemoUITests */,
				DED1E70C230163420035BDF3 /* Products */,
			);
			sourceTree = "<group>";
		};
		DED1E70C230163420035BDF3 /* Products */ = {
			isa = PBXGroup;
			children = (
				DED1E70B230163420035BDF3 /* MQueueDemo.app */,
				DED1E722230163430035BDF3 /* MQueueDemoTests.xctest */,
				DED1E72D230163440035BDF3 /* MQueueDemoUITests.xctest */,
			);
			name = Products;
			sourceTree = "<group>";
		};
		DED1E70D230163420035BDF3 /* MQueueDemo */ = {
			isa = PBXGroup;
			children = (
				DED1E73F230163D90035BDF3 /* MQueue */,
				DED1E70E230163420035BDF3 /* AppDelegate.swift */,
				DED1E710230163420035BDF3 /* ViewController.swift */,
				DED1E712230163420035BDF3 /* Main.storyboard */,
				DED1E718230163430035BDF3 /* Assets.xcassets */,
				DED1E71A230163430035BDF3 /* LaunchScreen.storyboard */,
				DED1E71D230163430035BDF3 /* Info.plist */,
				DED1E715230163420035BDF3 /* MQueueDemo.xcdatamodeld */,
			);
			path = MQueueDemo;
			sourceTree = "<group>";
		};
		DED1E725230163440035BDF3 /* MQueueDemoTests */ = {
			isa = PBXGroup;
			children = (
				DED1E726230163440035BDF3 /* MQueueDemoTests.swift */,
				DED1E728230163440035BDF3 /* Info.plist */,
			);
			path = MQueueDemoTests;
			sourceTree = "<group>";
		};
		DED1E730230163440035BDF3 /* MQueueDemoUITests */ = {
			isa = PBXGroup;
			children = (
				DED1E731230163440035BDF3 /* MQueueDemoUITests.swift */,
				DED1E733230163440035BDF3 /* Info.plist */,
			);
			path = MQueueDemoUITests;
			sourceTree = "<group>";
		};
		DED1E73F230163D90035BDF3 /* MQueue */ = {
			isa = PBXGroup;
			children = (
				DED1E740230163D90035BDF3 /* MQueue.swift */,
			);
			name = MQueue;
			path = ../../MQueue;
			sourceTree = "<group>";
		};
/* End PBXGroup section */

/* Begin PBXNativeTarget section */
		DED1E70A230163420035BDF3 /* MQueueDemo */ = {
			isa = PBXNativeTarget;
			buildConfigurationList = DED1E736230163440035BDF3 /* Build configuration list for PBXNativeTarget "MQueueDemo" */;
			buildPhases = (
				DED1E707230163420035BDF3 /* Sources */,
				DED1E708230163420035BDF3 /* Frameworks */,
				DED1E709230163420035BDF3 /* Resources */,
			);
			buildRules = (
			);
			dependencies = (
			);
			name = MQueueDemo;
			productName = MQueueDemo;
			productReference = DED1E70B230163420035BDF3 /* MQueueDemo.app */;
			productType = "com.apple.product-type.application";
		};
		DED1E721230163430035BDF3 /* MQueueDemoTests */ = {
			isa = PBXNativeTarget;
			buildConfigurationList = DED1E739230163440035BDF3 /* Build configuration list for PBXNativeTarget "MQueueDemoTests" */;
			buildPhases = (
				DED1E71E230163430035BDF3 /* Sources */,
				DED1E71F230163430035BDF3 /* Frameworks */,
				DED1E720230163430035BDF3 /* Resources */,
			);
			buildRules = (
			);
			dependencies = (
				DED1E724230163430035BDF3 /* PBXTargetDependency */,
			);
			name = MQueueDemoTests;
			productName = MQueueDemoTests;
			productReference = DED1E722230163430035BDF3 /* MQueueDemoTests.xctest */;
			productType = "com.apple.product-type.bundle.unit-test";
		};
		DED1E72C230163440035BDF3 /* MQueueDemoUITests */ = {
			isa = PBXNativeTarget;
			buildConfigurationList = DED1E73C230163440035BDF3 /* Build configuration list for PBXNativeTarget "MQueueDemoUITests" */;
			buildPhases = (
				DED1E729230163440035BDF3 /* Sources */,
				DED1E72A230163440035BDF3 /* Frameworks */,
				DED1E72B230163440035BDF3 /* Resources */,
			);
			buildRules = (
			);
			dependencies = (
				DED1E72F230163440035BDF3 /* PBXTargetDependency */,
			);
			name = MQueueDemoUITests;
			productName = MQueueDemoUITests;
			productReference = DED1E72D230163440035BDF3 /* MQueueDemoUITests.xctest */;
			productType = "com.apple.product-type.bundle.ui-testing";
		};
/* End PBXNativeTarget section */

/* Begin PBXProject section */
		DED1E703230163420035BDF3 /* Project object */ = {
			isa = PBXProject;
			attributes = {
				LastSwiftUpdateCheck = 1030;
				LastUpgradeCheck = 1030;
				ORGANIZATIONNAME = modia;
				TargetAttributes = {
					DED1E70A230163420035BDF3 = {
						CreatedOnToolsVersion = 10.3;
					};
					DED1E721230163430035BDF3 = {
						CreatedOnToolsVersion = 10.3;
						TestTargetID = DED1E70A230163420035BDF3;
					};
					DED1E72C230163440035BDF3 = {
						CreatedOnToolsVersion = 10.3;
						TestTargetID = DED1E70A230163420035BDF3;
					};
				};
			};
			buildConfigurationList = DED1E706230163420035BDF3 /* Build configuration list for PBXProject "MQueueDemo" */;
			compatibilityVersion = "Xcode 9.3";
			developmentRegion = en;
			hasScannedForEncodings = 0;
			knownRegions = (
				en,
				Base,
			);
			mainGroup = DED1E702230163420035BDF3;
			productRefGroup = DED1E70C230163420035BDF3 /* Products */;
			projectDirPath = "";
			projectRoot = "";
			targets = (
				DED1E70A230163420035BDF3 /* MQueueDemo */,
				DED1E721230163430035BDF3 /* MQueueDemoTests */,
				DED1E72C230163440035BDF3 /* MQueueDemoUITests */,
			);
		};
/* End PBXProject section */

/* Begin PBXResourcesBuildPhase section */
		DED1E709230163420035BDF3 /* Resources */ = {
			isa = PBXResourcesBuildPhase;
			buildActionMask = 2147483647;
			files = (
				DED1E71C230163430035BDF3 /* LaunchScreen.storyboard in Resources */,
				DED1E719230163430035BDF3 /* Assets.xcassets in Resources */,
				DED1E714230163420035BDF3 /* Main.storyboard in Resources */,
			);
			runOnlyForDeploymentPostprocessing = 0;
		};
		DED1E720230163430035BDF3 /* Resources */ = {
			isa = PBXResourcesBuildPhase;
			buildActionMask = 2147483647;
			files = (
			);
			runOnlyForDeploymentPostprocessing = 0;
		};
		DED1E72B230163440035BDF3 /* Resources */ = {
			isa = PBXResourcesBuildPhase;
			buildActionMask = 2147483647;
			files = (
			);
			runOnlyForDeploymentPostprocessing = 0;
		};
/* End PBXResourcesBuildPhase section */

/* Begin PBXSourcesBuildPhase section */
		DED1E707230163420035BDF3 /* Sources */ = {
			isa = PBXSourcesBuildPhase;
			buildActionMask = 2147483647;
			files = (
				DED1E711230163420035BDF3 /* ViewController.swift in Sources */,
				DED1E741230163D90035BDF3 /* MQueue.swift in Sources */,
				DED1E70F230163420035BDF3 /* AppDelegate.swift in Sources */,
				DED1E717230163420035BDF3 /* MQueueDemo.xcdatamodeld in Sources */,
			);
			runOnlyForDeploymentPostprocessing = 0;
		};
		DED1E71E230163430035BDF3 /* Sources */ = {
			isa = PBXSourcesBuildPhase;
			buildActionMask = 2147483647;
			files = (
				DED1E727230163440035BDF3 /* MQueueDemoTests.swift in Sources */,
			);
			runOnlyForDeploymentPostprocessing = 0;
		};
		DED1E729230163440035BDF3 /* Sources */ = {
			isa = PBXSourcesBuildPhase;
			buildActionMask = 2147483647;
			files = (
				DED1E732230163440035BDF3 /* MQueueDemoUITests.swift in Sources */,
			);
			runOnlyForDeploymentPostprocessing = 0;
		};
/* End PBXSourcesBuildPhase section */

/* Begin PBXTargetDependency section */
		DED1E724230163430035BDF3 /* PBXTargetDependency */ = {
			isa = PBXTargetDependency;
			target = DED1E70A230163420035BDF3 /* MQueueDemo */;
			targetProxy = DED1E723230163430035BDF3 /* PBXContainerItemProxy */;
		};
		DED1E72F230163440035BDF3 /* PBXTargetDependency */ = {
			isa = PBXTargetDependency;
			target = DED1E70A230163420035BDF3 /* MQueueDemo */;
			targetProxy = DED1E72E230163440035BDF3 /* PBXContainerItemProxy */;
		};
/* End PBXTargetDependency section */

/* Begin PBXVariantGroup section */
		DED1E712230163420035BDF3 /* Main.storyboard */ = {
			isa = PBXVariantGroup;
			children = (
				DED1E713230163420035BDF3 /* Base */,
			);
			name = Main.storyboard;
			sourceTree = "<group>";
		};
		DED1E71A230163430035BDF3 /* LaunchScreen.storyboard */ = {
			isa = PBXVariantGroup;
			children = (
				DED1E71B230163430035BDF3 /* Base */,
			);
			name = LaunchScreen.storyboard;
			sourceTree = "<group>";
		};
/* End PBXVariantGroup section */

/* Begin XCBuildConfiguration section */
		DED1E734230163440035BDF3 /* Debug */ = {
			isa = XCBuildConfiguration;
			buildSettings = {
				ALWAYS_SEARCH_USER_PATHS = NO;
				CLANG_ANALYZER_NONNULL = YES;
				CLANG_ANALYZER_NUMBER_OBJECT_CONVERSION = YES_AGGRESSIVE;
				CLANG_CXX_LANGUAGE_STANDARD = "gnu++14";
				CLANG_CXX_LIBRARY = "libc++";
				CLANG_ENABLE_MODULES = YES;
				CLANG_ENABLE_OBJC_ARC = YES;
				CLANG_ENABLE_OBJC_WEAK = YES;
				CLANG_WARN_BLOCK_CAPTURE_AUTORELEASING = YES;
				CLANG_WARN_BOOL_CONVERSION = YES;
				CLANG_WARN_COMMA = YES;
				CLANG_WARN_CONSTANT_CONVERSION = YES;
				CLANG_WARN_DEPRECATED_OBJC_IMPLEMENTATIONS = YES;
				CLANG_WARN_DIRECT_OBJC_ISA_USAGE = YES_ERROR;
				CLANG_WARN_DOCUMENTATION_COMMENTS = YES;
				CLANG_WARN_EMPTY_BODY = YES;
				CLANG_WARN_ENUM_CONVERSION = YES;
				CLANG_WARN_INFINITE_RECURSION = YES;
				CLANG_WARN_INT_CONVERSION = YES;
				CLANG_WARN_NON_LITERAL_NULL_CONVERSION = YES;
				CLANG_WARN_OBJC_IMPLICIT_RETAIN_SELF = YES;
				CLANG_WARN_OBJC_LITERAL_CONVERSION = YES;
				CLANG_WARN_OBJC_ROOT_CLASS = YES_ERROR;
				CLANG_WARN_RANGE_LOOP_ANALYSIS = YES;
				CLANG_WARN_STRICT_PROTOTYPES = YES;
				CLANG_WARN_SUSPICIOUS_MOVE = YES;
				CLANG_WARN_UNGUARDED_AVAILABILITY = YES_AGGRESSIVE;
				CLANG_WARN_UNREACHABLE_CODE = YES;
				CLANG_WARN__DUPLICATE_METHOD_MATCH = YES;
				CODE_SIGN_IDENTITY = "iPhone Developer";
				COPY_PHASE_STRIP = NO;
				DEBUG_INFORMATION_FORMAT = dwarf;
				ENABLE_STRICT_OBJC_MSGSEND = YES;
				ENABLE_TESTABILITY = YES;
				GCC_C_LANGUAGE_STANDARD = gnu11;
				GCC_DYNAMIC_NO_PIC = NO;
				GCC_NO_COMMON_BLOCKS = YES;
				GCC_OPTIMIZATION_LEVEL = 0;
				GCC_PREPROCESSOR_DEFINITIONS = (
					"DEBUG=1",
					"$(inherited)",
				);
				GCC_WARN_64_TO_32_BIT_CONVERSION = YES;
				GCC_WARN_ABOUT_RETURN_TYPE = YES_ERROR;
				GCC_WARN_UNDECLARED_SELECTOR = YES;
				GCC_WARN_UNINITIALIZED_AUTOS = YES_AGGRESSIVE;
				GCC_WARN_UNUSED_FUNCTION = YES;
				GCC_WARN_UNUSED_VARIABLE = YES;
				IPHONEOS_DEPLOYMENT_TARGET = 12.4;
				MTL_ENABLE_DEBUG_INFO = INCLUDE_SOURCE;
				MTL_FAST_MATH = YES;
				ONLY_ACTIVE_ARCH = YES;
				SDKROOT = iphoneos;
				SWIFT_ACTIVE_COMPILATION_CONDITIONS = DEBUG;
				SWIFT_OPTIMIZATION_LEVEL = "-Onone";
			};
			name = Debug;
		};
		DED1E735230163440035BDF3 /* Release */ = {
			isa = XCBuildConfiguration;
			buildSettings = {
				ALWAYS_SEARCH_USER_PATHS = NO;
				CLANG_ANALYZER_NONNULL = YES;
				CLANG_ANALYZER_NUMBER_OBJECT_CONVERSION = YES_AGGRESSIVE;
				CLANG_CXX_LANGUAGE_STANDARD = "gnu++14";
				CLANG_CXX_LIBRARY = "libc++";
				CLANG_ENABLE_MODULES = YES;
				CLANG_ENABLE_OBJC_ARC = YES;
				CLANG_ENABLE_OBJC_WEAK = YES;
				CLANG_WARN_BLOCK_CAPTURE_AUTORELEASING = YES;
				CLANG_WARN_BOOL_CONVERSION = YES;
				CLANG_WARN_COMMA = YES;
				CLANG_WARN_CONSTANT_CONVERSION = YES;
				CLANG_WARN_DEPRECATED_OBJC_IMPLEMENTATIONS = YES;
				CLANG_WARN_DIRECT_OBJC_ISA_USAGE = YES_ERROR;
				CLANG_WARN_DOCUMENTATION_COMMENTS = YES;
				CLANG_WARN_EMPTY_BODY = YES;
				CLANG_WARN_ENUM_CONVERSION = YES;
				CLANG_WARN_INFINITE_RECURSION = YES;
				CLANG_WARN_INT_CONVERSION = YES;
				CLANG_WARN_NON_LITERAL_NULL_CONVERSION = YES;
				CLANG_WARN_OBJC_IMPLICIT_RETAIN_SELF = YES;
				CLANG_WARN_OBJC_LITERAL_CONVERSION = YES;
				CLANG_WARN_OBJC_ROOT_CLASS = YES_ERROR;
				CLANG_WARN_RANGE_LOOP_ANALYSIS = YES;
				CLANG_WARN_STRICT_PROTOTYPES = YES;
				CLANG_WARN_SUSPICIOUS_MOVE = YES;
				CLANG_WARN_UNGUARDED_AVAILABILITY = YES_AGGRESSIVE;
				CLANG_WARN_UNREACHABLE_CODE = YES;
				CLANG_WARN__DUPLICATE_METHOD_MATCH = YES;
				CODE_SIGN_IDENTITY = "iPhone Developer";
				COPY_PHASE_STRIP = NO;
				DEBUG_INFORMATION_FORMAT = "dwarf-with-dsym";
				ENABLE_NS_ASSERTIONS = NO;
				ENABLE_STRICT_OBJC_MSGSEND = YES;
				GCC_C_LANGUAGE_STANDARD = gnu11;
				GCC_NO_COMMON_BLOCKS = YES;
				GCC_WARN_64_TO_32_BIT_CONVERSION = YES;
				GCC_WARN_ABOUT_RETURN_TYPE = YES_ERROR;
				GCC_WARN_UNDECLARED_SELECTOR = YES;
				GCC_WARN_UNINITIALIZED_AUTOS = YES_AGGRESSIVE;
				GCC_WARN_UNUSED_FUNCTION = YES;
				GCC_WARN_UNUSED_VARIABLE = YES;
				IPHONEOS_DEPLOYMENT_TARGET = 12.4;
				MTL_ENABLE_DEBUG_INFO = NO;
				MTL_FAST_MATH = YES;
				SDKROOT = iphoneos;
				SWIFT_COMPILATION_MODE = wholemodule;
				SWIFT_OPTIMIZATION_LEVEL = "-O";
				VALIDATE_PRODUCT = YES;
			};
			name = Release;
		};
		DED1E737230163440035BDF3 /* Debug */ = {
			isa = XCBuildConfiguration;
			buildSettings = {
				ASSETCATALOG_COMPILER_APPICON_NAME = AppIcon;
				CODE_SIGN_STYLE = Automatic;
				INFOPLIST_FILE = MQueueDemo/Info.plist;
				LD_RUNPATH_SEARCH_PATHS = (
					"$(inherited)",
					"@executable_path/Frameworks",
				);
				PRODUCT_BUNDLE_IDENTIFIER = hk.com.modia.www.MQueueDemo;
				PRODUCT_NAME = "$(TARGET_NAME)";
				SWIFT_VERSION = 5.0;
				TARGETED_DEVICE_FAMILY = "1,2";
			};
			name = Debug;
		};
		DED1E738230163440035BDF3 /* Release */ = {
			isa = XCBuildConfiguration;
			buildSettings = {
				ASSETCATALOG_COMPILER_APPICON_NAME = AppIcon;
				CODE_SIGN_STYLE = Automatic;
				INFOPLIST_FILE = MQueueDemo/Info.plist;
				LD_RUNPATH_SEARCH_PATHS = (
					"$(inherited)",
					"@executable_path/Frameworks",
				);
				PRODUCT_BUNDLE_IDENTIFIER = hk.com.modia.www.MQueueDemo;
				PRODUCT_NAME = "$(TARGET_NAME)";
				SWIFT_VERSION = 5.0;
				TARGETED_DEVICE_FAMILY = "1,2";
			};
			name = Release;
		};
		DED1E73A230163440035BDF3 /* Debug */ = {
			isa = XCBuildConfiguration;
			buildSettings = {
				ALWAYS_EMBED_SWIFT_STANDARD_LIBRARIES = YES;
				BUNDLE_LOADER = "$(TEST_HOST)";
				CODE_SIGN_STYLE = Automatic;
				INFOPLIST_FILE = MQueueDemoTests/Info.plist;
				LD_RUNPATH_SEARCH_PATHS = (
					"$(inherited)",
					"@executable_path/Frameworks",
					"@loader_path/Frameworks",
				);
				PRODUCT_BUNDLE_IDENTIFIER = hk.com.modia.www.MQueueDemoTests;
				PRODUCT_NAME = "$(TARGET_NAME)";
				SWIFT_VERSION = 5.0;
				TARGETED_DEVICE_FAMILY = "1,2";
				TEST_HOST = "$(BUILT_PRODUCTS_DIR)/MQueueDemo.app/MQueueDemo";
			};
			name = Debug;
		};
		DED1E73B230163440035BDF3 /* Release */ = {
			isa = XCBuildConfiguration;
			buildSettings = {
				ALWAYS_EMBED_SWIFT_STANDARD_LIBRARIES = YES;
				BUNDLE_LOADER = "$(TEST_HOST)";
				CODE_SIGN_STYLE = Automatic;
				INFOPLIST_FILE = MQueueDemoTests/Info.plist;
				LD_RUNPATH_SEARCH_PATHS = (
					"$(inherited)",
					"@executable_path/Frameworks",
					"@loader_path/Frameworks",
				);
				PRODUCT_BUNDLE_IDENTIFIER = hk.com.modia.www.MQueueDemoTests;
				PRODUCT_NAME = "$(TARGET_NAME)";
				SWIFT_VERSION = 5.0;
				TARGETED_DEVICE_FAMILY = "1,2";
				TEST_HOST = "$(BUILT_PRODUCTS_DIR)/MQueueDemo.app/MQueueDemo";
			};
			name = Release;
		};
		DED1E73D230163440035BDF3 /* Debug */ = {
			isa = XCBuildConfiguration;
			buildSettings = {
				ALWAYS_EMBED_SWIFT_STANDARD_LIBRARIES = YES;
				CODE_SIGN_STYLE = Automatic;
				INFOPLIST_FILE = MQueueDemoUITests/Info.plist;
				LD_RUNPATH_SEARCH_PATHS = (
					"$(inherited)",
					"@executable_path/Frameworks",
					"@loader_path/Frameworks",
				);
				PRODUCT_BUNDLE_IDENTIFIER = hk.com.modia.www.MQueueDemoUITests;
				PRODUCT_NAME = "$(TARGET_NAME)";
				SWIFT_VERSION = 5.0;
				TARGETED_DEVICE_FAMILY = "1,2";
				TEST_TARGET_NAME = MQueueDemo;
			};
			name = Debug;
		};
		DED1E73E230163440035BDF3 /* Release */ = {
			isa = XCBuildConfiguration;
			buildSettings = {
				ALWAYS_EMBED_SWIFT_STANDARD_LIBRARIES = YES;
				CODE_SIGN_STYLE = Automatic;
				INFOPLIST_FILE = MQueueDemoUITests/Info.plist;
				LD_RUNPATH_SEARCH_PATHS = (
					"$(inherited)",
					"@executable_path/Frameworks",
					"@loader_path/Frameworks",
				);
				PRODUCT_BUNDLE_IDENTIFIER = hk.com.modia.www.MQueueDemoUITests;
				PRODUCT_NAME = "$(TARGET_NAME)";
				SWIFT_VERSION = 5.0;
				TARGETED_DEVICE_FAMILY = "1,2";
				TEST_TARGET_NAME = MQueueDemo;
			};
			name = Release;
		};
/* End XCBuildConfiguration section */

/* Begin XCConfigurationList section */
		DED1E706230163420035BDF3 /* Build configuration list for PBXProject "MQueueDemo" */ = {
			isa = XCConfigurationList;
			buildConfigurations = (
				DED1E734230163440035BDF3 /* Debug */,
				DED1E735230163440035BDF3 /* Release */,
			);
			defaultConfigurationIsVisible = 0;
			defaultConfigurationName = Release;
		};
		DED1E736230163440035BDF3 /* Build configuration list for PBXNativeTarget "MQueueDemo" */ = {
			isa = XCConfigurationList;
			buildConfigurations = (
				DED1E737230163440035BDF3 /* Debug */,
				DED1E738230163440035BDF3 /* Release */,
			);
			defaultConfigurationIsVisible = 0;
			defaultConfigurationName = Release;
		};
		DED1E739230163440035BDF3 /* Build configuration list for PBXNativeTarget "MQueueDemoTests" */ = {
			isa = XCConfigurationList;
			buildConfigurations = (
				DED1E73A230163440035BDF3 /* Debug */,
				DED1E73B230163440035BDF3 /* Release */,
			);
			defaultConfigurationIsVisible = 0;
			defaultConfigurationName = Release;
		};
		DED1E73C230163440035BDF3 /* Build configuration list for PBXNativeTarget "MQueueDemoUITests" */ = {
			isa = XCConfigurationList;
			buildConfigurations = (
				DED1E73D230163440035BDF3 /* Debug */,
				DED1E73E230163440035BDF3 /* Release */,
			);
			defaultConfigurationIsVisible = 0;
			defaultConfigurationName = Release;
		};
/* End XCConfigurationList section */

/* Begin XCVersionGroup section */
		DED1E715230163420035BDF3 /* MQueueDemo.xcdatamodeld */ = {
			isa = XCVersionGroup;
			children = (
				DED1E716230163420035BDF3 /* MQueueDemo.xcdatamodel */,
			);
			currentVersion = DED1E716230163420035BDF3 /* MQueueDemo.xcdatamodel */;
			path = MQueueDemo.xcdatamodeld;
			sourceTree = "<group>";
			versionGroupType = wrapper.xcdatamodel;
		};
/* End XCVersionGroup section */
	};
	rootObject = DED1E703230163420035BDF3 /* Project object */;
}
